
Microsoft Visual Studio Solution File, Format Version 12.00
# Visual Studio Version 17
VisualStudioVersion = 17.11.35327.3
MinimumVisualStudioVersion = 10.0.40219.1
Project("{9A19103F-16F7-4668-BE54-9A1E7A4F7556}") = "LibraryManagementSystem", "LibraryManagementSystem\LibraryManagementSystem.csproj", "{C235304E-4238-488E-93C5-D6D0A372D55D}"
EndProject
Project("{2150E333-8FDC-42A3-9474-1A3956D46DE8}") = "Solution Items", "Solution Items", "{AF62BEFE-D8ED-4059-9A2C-E89383E6EF16}"
	ProjectSection(SolutionItems) = preProject
		README.md = README.md
	EndProjectSection
EndProject
Global
	GlobalSection(SolutionConfigurationPlatforms) = preSolution
		Debug|Any CPU = Debug|Any CPU
		Release|Any CPU = Release|Any CPU
	EndGlobalSection
	GlobalSection(ProjectConfigurationPlatforms) = postSolution
		{C235304E-4238-488E-93C5-D6D0A372D55D}.Debug|Any CPU.ActiveCfg = Debug|Any CPU
		{C235304E-4238-488E-93C5-D6D0A372D55D}.Debug|Any CPU.Build.0 = Debug|Any CPU
		{C235304E-4238-488E-93C5-D6D0A372D55D}.Release|Any CPU.ActiveCfg = Release|Any CPU
		{C235304E-4238-488E-93C5-D6D0A372D55D}.Release|Any CPU.Build.0 = Release|Any CPU
	EndGlobalSection
	GlobalSection(SolutionProperties) = preSolution
		HideSolutionNode = FALSE
	EndGlobalSection
	GlobalSection(ExtensibilityGlobals) = postSolution
		SolutionGuid = {BA7BDFE3-3333-4184-B90F-E9D75FD4C536}
	EndGlobalSection
EndGlobal
